{
  "name": "SoloView",
  "lockfileVersion": 3,
  "requires": true,
  "packages": {
    "": {
      "dependencies": {
        "echarts": "^5.5.1",
        "ngx-echarts": "^18.0.0"
      }
    },
    "node_modules/echarts": {
      "version": "5.5.1",
      "resolved": "https://registry.npmjs.org/echarts/-/echarts-5.5.1.tgz",
      "integrity": "sha512-Fce8upazaAXUVUVsjgV6mBnGuqgO+JNDlcgF79Dksy4+wgGpQB2lmYoO4TSweFg/mZITdpGHomw/cNBJZj1icA==",
      "license": "Apache-2.0",
      "dependencies": {
        "tslib": "2.3.0",
        "zrender": "5.6.0"
      }
    },
    "node_modules/ngx-echarts": {
      "version": "18.0.0",
      "resolved": "https://registry.npmjs.org/ngx-echarts/-/ngx-echarts-18.0.0.tgz",
      "integrity": "sha512-1rJW7vhMTTQMZNO5AhbHfTDorhP7dcvwRsDH5jFk2SPb/gjIFWvXBY9VSNAOKumuSBnopm2+uSz6BRO5oWxovA==",
      "license": "MIT",
      "dependencies": {
        "tslib": "^2.3.0"
      },
      "peerDependencies": {
        "echarts": ">=5.0.0"
      }
    },
    "node_modules/tslib": {
      "version": "2.3.0",
      "resolved": "https://registry.npmjs.org/tslib/-/tslib-2.3.0.tgz",
      "integrity": "sha512-N82ooyxVNm6h1riLCoyS9e3fuJ3AMG2zIZs2Gd1ATcSFjSA23Q0fzjjZeh0jbJvWVDZ0cJT8yaNNaaXHzueNjg==",
      "license": "0BSD"
    },
    "node_modules/zrender": {
      "version": "5.6.0",
      "resolved": "https://registry.npmjs.org/zrender/-/zrender-5.6.0.tgz",
      "integrity": "sha512-uzgraf4njmmHAbEUxMJ8Oxg+P3fT04O+9p7gY+wJRVxo8Ge+KmYv0WJev945EH4wFuc4OY2NLXz46FZrWS9xJg==",
      "license": "BSD-3-Clause",
      "dependencies": {
        "tslib": "2.3.0"
      }
    }
  }
}
